
Microsoft Visual Studio Solution File, Format Version 12.00
# Visual Studio 15
VisualStudioVersion = 15.0.28307.1831
MinimumVisualStudioVersion = 10.0.40219.1
Project("{FAE04EC0-301F-11D3-BF4B-00C04F79EFBC}") = "CSharpOOP_QuanLyNhanVien", "CSharpOOP_QuanLyNhanVien\CSharpOOP_QuanLyNhanVien.csproj", "{493BD25D-B639-4E3D-8E70-2107F0D4B29D}"
EndProject
Global
	GlobalSection(SolutionConfigurationPlatforms) = preSolution
		Debug|Any CPU = Debug|Any CPU
		Release|Any CPU = Release|Any CPU
	EndGlobalSection
	GlobalSection(ProjectConfigurationPlatforms) = postSolution
		{493BD25D-B639-4E3D-8E70-2107F0D4B29D}.Debug|Any CPU.ActiveCfg = Debug|Any CPU
		{493BD25D-B639-4E3D-8E70-2107F0D4B29D}.Debug|Any CPU.Build.0 = Debug|Any CPU
		{493BD25D-B639-4E3D-8E70-2107F0D4B29D}.Release|Any CPU.ActiveCfg = Release|Any CPU
		{493BD25D-B639-4E3D-8E70-2107F0D4B29D}.Release|Any CPU.Build.0 = Release|Any CPU
	EndGlobalSection
	GlobalSection(SolutionProperties) = preSolution
		HideSolutionNode = FALSE
	EndGlobalSection
	GlobalSection(ExtensibilityGlobals) = postSolution
		SolutionGuid = {77DF5EA8-03BC-49E8-BBC2-86039134D98F}
	EndGlobalSection
EndGlobal
