
Microsoft Visual Studio Solution File, Format Version 12.00
# Visual Studio 15
VisualStudioVersion = 15.0.28307.1705
MinimumVisualStudioVersion = 10.0.40219.1
Project("{FAE04EC0-301F-11D3-BF4B-00C04F79EFBC}") = "BTCB_B59", "BTCB_B59\BTCB_B59.csproj", "{DFE7C42C-B97B-42EB-A4E4-E2551A7CBA88}"
EndProject
Global
	GlobalSection(SolutionConfigurationPlatforms) = preSolution
		Debug|Any CPU = Debug|Any CPU
		Release|Any CPU = Release|Any CPU
	EndGlobalSection
	GlobalSection(ProjectConfigurationPlatforms) = postSolution
		{DFE7C42C-B97B-42EB-A4E4-E2551A7CBA88}.Debug|Any CPU.ActiveCfg = Debug|Any CPU
		{DFE7C42C-B97B-42EB-A4E4-E2551A7CBA88}.Debug|Any CPU.Build.0 = Debug|Any CPU
		{DFE7C42C-B97B-42EB-A4E4-E2551A7CBA88}.Release|Any CPU.ActiveCfg = Release|Any CPU
		{DFE7C42C-B97B-42EB-A4E4-E2551A7CBA88}.Release|Any CPU.Build.0 = Release|Any CPU
	EndGlobalSection
	GlobalSection(SolutionProperties) = preSolution
		HideSolutionNode = FALSE
	EndGlobalSection
	GlobalSection(ExtensibilityGlobals) = postSolution
		SolutionGuid = {90B44825-75EB-46D1-9308-38E7A93122A8}
	EndGlobalSection
EndGlobal
