
Microsoft Visual Studio Solution File, Format Version 12.00
# Visual Studio 15
VisualStudioVersion = 15.0.28307.1705
MinimumVisualStudioVersion = 10.0.40219.1
Project("{FAE04EC0-301F-11D3-BF4B-00C04F79EFBC}") = "BTCB_64", "BTCB_64\BTCB_64.csproj", "{FE67C8A3-115C-4882-9189-6F6CBA624E13}"
EndProject
Global
	GlobalSection(SolutionConfigurationPlatforms) = preSolution
		Debug|Any CPU = Debug|Any CPU
		Release|Any CPU = Release|Any CPU
	EndGlobalSection
	GlobalSection(ProjectConfigurationPlatforms) = postSolution
		{FE67C8A3-115C-4882-9189-6F6CBA624E13}.Debug|Any CPU.ActiveCfg = Debug|Any CPU
		{FE67C8A3-115C-4882-9189-6F6CBA624E13}.Debug|Any CPU.Build.0 = Debug|Any CPU
		{FE67C8A3-115C-4882-9189-6F6CBA624E13}.Release|Any CPU.ActiveCfg = Release|Any CPU
		{FE67C8A3-115C-4882-9189-6F6CBA624E13}.Release|Any CPU.Build.0 = Release|Any CPU
	EndGlobalSection
	GlobalSection(SolutionProperties) = preSolution
		HideSolutionNode = FALSE
	EndGlobalSection
	GlobalSection(ExtensibilityGlobals) = postSolution
		SolutionGuid = {E317CC46-4289-4E2C-B14F-59D1658C21C3}
	EndGlobalSection
EndGlobal
