
Microsoft Visual Studio Solution File, Format Version 12.00
# Visual Studio 15
VisualStudioVersion = 15.0.28307.1705
MinimumVisualStudioVersion = 10.0.40219.1
Project("{FAE04EC0-301F-11D3-BF4B-00C04F79EFBC}") = "bt_basic3", "bt_basic3\bt_basic3.csproj", "{B79272DF-88A9-4E51-BB9D-70C7DFB2EBBD}"
EndProject
Global
	GlobalSection(SolutionConfigurationPlatforms) = preSolution
		Debug|Any CPU = Debug|Any CPU
		Release|Any CPU = Release|Any CPU
	EndGlobalSection
	GlobalSection(ProjectConfigurationPlatforms) = postSolution
		{B79272DF-88A9-4E51-BB9D-70C7DFB2EBBD}.Debug|Any CPU.ActiveCfg = Debug|Any CPU
		{B79272DF-88A9-4E51-BB9D-70C7DFB2EBBD}.Debug|Any CPU.Build.0 = Debug|Any CPU
		{B79272DF-88A9-4E51-BB9D-70C7DFB2EBBD}.Release|Any CPU.ActiveCfg = Release|Any CPU
		{B79272DF-88A9-4E51-BB9D-70C7DFB2EBBD}.Release|Any CPU.Build.0 = Release|Any CPU
	EndGlobalSection
	GlobalSection(SolutionProperties) = preSolution
		HideSolutionNode = FALSE
	EndGlobalSection
	GlobalSection(ExtensibilityGlobals) = postSolution
		SolutionGuid = {E2EFD0F8-25E9-42C3-B4AB-3F08D8BEDB6C}
	EndGlobalSection
EndGlobal
