
Microsoft Visual Studio Solution File, Format Version 12.00
# Visual Studio 15
VisualStudioVersion = 15.0.28307.1831
MinimumVisualStudioVersion = 10.0.40219.1
Project("{FAE04EC0-301F-11D3-BF4B-00C04F79EFBC}") = "CSharpOOP_PtrinhBac2", "CSharpOOP_PtrinhBac2\CSharpOOP_PtrinhBac2.csproj", "{683558C5-7C86-47D7-9482-41852D6BD51C}"
EndProject
Global
	GlobalSection(SolutionConfigurationPlatforms) = preSolution
		Debug|Any CPU = Debug|Any CPU
		Release|Any CPU = Release|Any CPU
	EndGlobalSection
	GlobalSection(ProjectConfigurationPlatforms) = postSolution
		{683558C5-7C86-47D7-9482-41852D6BD51C}.Debug|Any CPU.ActiveCfg = Debug|Any CPU
		{683558C5-7C86-47D7-9482-41852D6BD51C}.Debug|Any CPU.Build.0 = Debug|Any CPU
		{683558C5-7C86-47D7-9482-41852D6BD51C}.Release|Any CPU.ActiveCfg = Release|Any CPU
		{683558C5-7C86-47D7-9482-41852D6BD51C}.Release|Any CPU.Build.0 = Release|Any CPU
	EndGlobalSection
	GlobalSection(SolutionProperties) = preSolution
		HideSolutionNode = FALSE
	EndGlobalSection
	GlobalSection(ExtensibilityGlobals) = postSolution
		SolutionGuid = {94596040-6E7E-4248-AB6C-08167BAAE50F}
	EndGlobalSection
EndGlobal
