
Microsoft Visual Studio Solution File, Format Version 12.00
# Visual Studio 15
VisualStudioVersion = 15.0.28307.1705
MinimumVisualStudioVersion = 10.0.40219.1
Project("{FAE04EC0-301F-11D3-BF4B-00C04F79EFBC}") = "bt_bacsic2", "bt_bacsic2\bt_bacsic2.csproj", "{DCC3F921-84DA-49F1-9E47-84D27879F8C1}"
EndProject
Global
	GlobalSection(SolutionConfigurationPlatforms) = preSolution
		Debug|Any CPU = Debug|Any CPU
		Release|Any CPU = Release|Any CPU
	EndGlobalSection
	GlobalSection(ProjectConfigurationPlatforms) = postSolution
		{DCC3F921-84DA-49F1-9E47-84D27879F8C1}.Debug|Any CPU.ActiveCfg = Debug|Any CPU
		{DCC3F921-84DA-49F1-9E47-84D27879F8C1}.Debug|Any CPU.Build.0 = Debug|Any CPU
		{DCC3F921-84DA-49F1-9E47-84D27879F8C1}.Release|Any CPU.ActiveCfg = Release|Any CPU
		{DCC3F921-84DA-49F1-9E47-84D27879F8C1}.Release|Any CPU.Build.0 = Release|Any CPU
	EndGlobalSection
	GlobalSection(SolutionProperties) = preSolution
		HideSolutionNode = FALSE
	EndGlobalSection
	GlobalSection(ExtensibilityGlobals) = postSolution
		SolutionGuid = {A51B3451-7327-422D-AD16-A4DDD4444B36}
	EndGlobalSection
EndGlobal
