
Microsoft Visual Studio Solution File, Format Version 12.00
# Visual Studio 15
VisualStudioVersion = 15.0.28307.1705
MinimumVisualStudioVersion = 10.0.40219.1
Project("{FAE04EC0-301F-11D3-BF4B-00C04F79EFBC}") = "BTCB_60", "BTCB_60\BTCB_60.csproj", "{BB93A41D-0683-4C2B-A3F4-F94292DF7263}"
EndProject
Global
	GlobalSection(SolutionConfigurationPlatforms) = preSolution
		Debug|Any CPU = Debug|Any CPU
		Release|Any CPU = Release|Any CPU
	EndGlobalSection
	GlobalSection(ProjectConfigurationPlatforms) = postSolution
		{BB93A41D-0683-4C2B-A3F4-F94292DF7263}.Debug|Any CPU.ActiveCfg = Debug|Any CPU
		{BB93A41D-0683-4C2B-A3F4-F94292DF7263}.Debug|Any CPU.Build.0 = Debug|Any CPU
		{BB93A41D-0683-4C2B-A3F4-F94292DF7263}.Release|Any CPU.ActiveCfg = Release|Any CPU
		{BB93A41D-0683-4C2B-A3F4-F94292DF7263}.Release|Any CPU.Build.0 = Release|Any CPU
	EndGlobalSection
	GlobalSection(SolutionProperties) = preSolution
		HideSolutionNode = FALSE
	EndGlobalSection
	GlobalSection(ExtensibilityGlobals) = postSolution
		SolutionGuid = {869ADC96-B46E-4F72-AE63-E1CC4274A468}
	EndGlobalSection
EndGlobal
