
Microsoft Visual Studio Solution File, Format Version 12.00
# Visual Studio 15
VisualStudioVersion = 15.0.28307.1705
MinimumVisualStudioVersion = 10.0.40219.1
Project("{FAE04EC0-301F-11D3-BF4B-00C04F79EFBC}") = "bt_basic4", "bt_basic4\bt_basic4.csproj", "{EF089ADC-8969-4E27-B158-A26EA4020ECD}"
EndProject
Global
	GlobalSection(SolutionConfigurationPlatforms) = preSolution
		Debug|Any CPU = Debug|Any CPU
		Release|Any CPU = Release|Any CPU
	EndGlobalSection
	GlobalSection(ProjectConfigurationPlatforms) = postSolution
		{EF089ADC-8969-4E27-B158-A26EA4020ECD}.Debug|Any CPU.ActiveCfg = Debug|Any CPU
		{EF089ADC-8969-4E27-B158-A26EA4020ECD}.Debug|Any CPU.Build.0 = Debug|Any CPU
		{EF089ADC-8969-4E27-B158-A26EA4020ECD}.Release|Any CPU.ActiveCfg = Release|Any CPU
		{EF089ADC-8969-4E27-B158-A26EA4020ECD}.Release|Any CPU.Build.0 = Release|Any CPU
	EndGlobalSection
	GlobalSection(SolutionProperties) = preSolution
		HideSolutionNode = FALSE
	EndGlobalSection
	GlobalSection(ExtensibilityGlobals) = postSolution
		SolutionGuid = {C2E49B54-16A1-4102-86F6-F8052D7237C9}
	EndGlobalSection
EndGlobal
