
Microsoft Visual Studio Solution File, Format Version 12.00
# Visual Studio 15
VisualStudioVersion = 15.0.28307.1705
MinimumVisualStudioVersion = 10.0.40219.1
Project("{FAE04EC0-301F-11D3-BF4B-00C04F79EFBC}") = "BTCB_58", "BTCB_58\BTCB_58.csproj", "{2E737E9F-277F-46AD-B10D-03C0E6EBC220}"
EndProject
Global
	GlobalSection(SolutionConfigurationPlatforms) = preSolution
		Debug|Any CPU = Debug|Any CPU
		Release|Any CPU = Release|Any CPU
	EndGlobalSection
	GlobalSection(ProjectConfigurationPlatforms) = postSolution
		{2E737E9F-277F-46AD-B10D-03C0E6EBC220}.Debug|Any CPU.ActiveCfg = Debug|Any CPU
		{2E737E9F-277F-46AD-B10D-03C0E6EBC220}.Debug|Any CPU.Build.0 = Debug|Any CPU
		{2E737E9F-277F-46AD-B10D-03C0E6EBC220}.Release|Any CPU.ActiveCfg = Release|Any CPU
		{2E737E9F-277F-46AD-B10D-03C0E6EBC220}.Release|Any CPU.Build.0 = Release|Any CPU
	EndGlobalSection
	GlobalSection(SolutionProperties) = preSolution
		HideSolutionNode = FALSE
	EndGlobalSection
	GlobalSection(ExtensibilityGlobals) = postSolution
		SolutionGuid = {410C8B1C-242E-4F64-B3A8-AE358B47695C}
	EndGlobalSection
EndGlobal
